
Microsoft Visual Studio Solution File, Format Version 12.00
# Visual Studio 14
VisualStudioVersion = 14.0.25123.0
MinimumVisualStudioVersion = 10.0.40219.1
Project("{FAE04EC0-301F-11D3-BF4B-00C04F79EFBC}") = "CodeBreakerApp", "CodeBreakerApp\CodeBreakerApp.csproj", "{B8FF85FF-7521-405E-9566-7CBA51EFA664}"
EndProject
Project("{FAE04EC0-301F-11D3-BF4B-00C04F79EFBC}") = "Translator.core", "Translator.core\Translator.core.csproj", "{33BB8000-2988-4BD4-8217-7A5B31F05621}"
EndProject
Global
	GlobalSection(SolutionConfigurationPlatforms) = preSolution
		Debug|Any CPU = Debug|Any CPU
		Debug|ARM = Debug|ARM
		Debug|x64 = Debug|x64
		Debug|x86 = Debug|x86
		Release|Any CPU = Release|Any CPU
		Release|ARM = Release|ARM
		Release|x64 = Release|x64
		Release|x86 = Release|x86
	EndGlobalSection
	GlobalSection(ProjectConfigurationPlatforms) = postSolution
		{B8FF85FF-7521-405E-9566-7CBA51EFA664}.Debug|Any CPU.ActiveCfg = Debug|Any CPU
		{B8FF85FF-7521-405E-9566-7CBA51EFA664}.Debug|Any CPU.Build.0 = Debug|Any CPU
		{B8FF85FF-7521-405E-9566-7CBA51EFA664}.Debug|Any CPU.Deploy.0 = Debug|Any CPU
		{B8FF85FF-7521-405E-9566-7CBA51EFA664}.Debug|ARM.ActiveCfg = Debug|Any CPU
		{B8FF85FF-7521-405E-9566-7CBA51EFA664}.Debug|ARM.Build.0 = Debug|Any CPU
		{B8FF85FF-7521-405E-9566-7CBA51EFA664}.Debug|ARM.Deploy.0 = Debug|Any CPU
		{B8FF85FF-7521-405E-9566-7CBA51EFA664}.Debug|x64.ActiveCfg = Debug|Any CPU
		{B8FF85FF-7521-405E-9566-7CBA51EFA664}.Debug|x64.Build.0 = Debug|Any CPU
		{B8FF85FF-7521-405E-9566-7CBA51EFA664}.Debug|x64.Deploy.0 = Debug|Any CPU
		{B8FF85FF-7521-405E-9566-7CBA51EFA664}.Debug|x86.ActiveCfg = Debug|Any CPU
		{B8FF85FF-7521-405E-9566-7CBA51EFA664}.Debug|x86.Build.0 = Debug|Any CPU
		{B8FF85FF-7521-405E-9566-7CBA51EFA664}.Debug|x86.Deploy.0 = Debug|Any CPU
		{B8FF85FF-7521-405E-9566-7CBA51EFA664}.Release|Any CPU.ActiveCfg = Release|Any CPU
		{B8FF85FF-7521-405E-9566-7CBA51EFA664}.Release|Any CPU.Build.0 = Release|Any CPU
		{B8FF85FF-7521-405E-9566-7CBA51EFA664}.Release|Any CPU.Deploy.0 = Release|Any CPU
		{B8FF85FF-7521-405E-9566-7CBA51EFA664}.Release|ARM.ActiveCfg = Release|Any CPU
		{B8FF85FF-7521-405E-9566-7CBA51EFA664}.Release|ARM.Build.0 = Release|Any CPU
		{B8FF85FF-7521-405E-9566-7CBA51EFA664}.Release|ARM.Deploy.0 = Release|Any CPU
		{B8FF85FF-7521-405E-9566-7CBA51EFA664}.Release|x64.ActiveCfg = Release|Any CPU
		{B8FF85FF-7521-405E-9566-7CBA51EFA664}.Release|x64.Build.0 = Release|Any CPU
		{B8FF85FF-7521-405E-9566-7CBA51EFA664}.Release|x64.Deploy.0 = Release|Any CPU
		{B8FF85FF-7521-405E-9566-7CBA51EFA664}.Release|x86.ActiveCfg = Release|Any CPU
		{B8FF85FF-7521-405E-9566-7CBA51EFA664}.Release|x86.Build.0 = Release|Any CPU
		{B8FF85FF-7521-405E-9566-7CBA51EFA664}.Release|x86.Deploy.0 = Release|Any CPU
		{33BB8000-2988-4BD4-8217-7A5B31F05621}.Debug|Any CPU.ActiveCfg = Debug|Any CPU
		{33BB8000-2988-4BD4-8217-7A5B31F05621}.Debug|Any CPU.Build.0 = Debug|Any CPU
		{33BB8000-2988-4BD4-8217-7A5B31F05621}.Debug|ARM.ActiveCfg = Debug|Any CPU
		{33BB8000-2988-4BD4-8217-7A5B31F05621}.Debug|ARM.Build.0 = Debug|Any CPU
		{33BB8000-2988-4BD4-8217-7A5B31F05621}.Debug|x64.ActiveCfg = Debug|Any CPU
		{33BB8000-2988-4BD4-8217-7A5B31F05621}.Debug|x64.Build.0 = Debug|Any CPU
		{33BB8000-2988-4BD4-8217-7A5B31F05621}.Debug|x86.ActiveCfg = Debug|Any CPU
		{33BB8000-2988-4BD4-8217-7A5B31F05621}.Debug|x86.Build.0 = Debug|Any CPU
		{33BB8000-2988-4BD4-8217-7A5B31F05621}.Release|Any CPU.ActiveCfg = Release|Any CPU
		{33BB8000-2988-4BD4-8217-7A5B31F05621}.Release|Any CPU.Build.0 = Release|Any CPU
		{33BB8000-2988-4BD4-8217-7A5B31F05621}.Release|ARM.ActiveCfg = Release|Any CPU
		{33BB8000-2988-4BD4-8217-7A5B31F05621}.Release|ARM.Build.0 = Release|Any CPU
		{33BB8000-2988-4BD4-8217-7A5B31F05621}.Release|x64.ActiveCfg = Release|Any CPU
		{33BB8000-2988-4BD4-8217-7A5B31F05621}.Release|x64.Build.0 = Release|Any CPU
		{33BB8000-2988-4BD4-8217-7A5B31F05621}.Release|x86.ActiveCfg = Release|Any CPU
		{33BB8000-2988-4BD4-8217-7A5B31F05621}.Release|x86.Build.0 = Release|Any CPU
	EndGlobalSection
	GlobalSection(SolutionProperties) = preSolution
		HideSolutionNode = FALSE
	EndGlobalSection
EndGlobal
